// !$*UTF8*$!
{
	archiveVersion = 1;
	classes = {
	};
	objectVersion = 50;
	objects = {

/* Begin PBXBuildFile section */
		A270F01422AE09A2000C3D44 /* ChatMessageContentView.m in Sources */ = {isa = PBXBuildFile; fileRef = A270F01322AE09A2000C3D44 /* ChatMessageContentView.m */; };
		A270F01A22AE0DDD000C3D44 /* sendChat@2x.png in Resources */ = {isa = PBXBuildFile; fileRef = A270F01822AE0DDC000C3D44 /* sendChat@2x.png */; };
		A270F01B22AE0DDD000C3D44 /* receiveChat@2x.png in Resources */ = {isa = PBXBuildFile; fileRef = A270F01922AE0DDC000C3D44 /* receiveChat@2x.png */; };
		A270F02522AE2C4B000C3D44 /* ChatMessageTimeViewCell.m in Sources */ = {isa = PBXBuildFile; fileRef = A270F02322AE2C4B000C3D44 /* ChatMessageTimeViewCell.m */; };
		A270F02622AE2C4B000C3D44 /* ChatMessageTimeViewCell.xib in Resources */ = {isa = PBXBuildFile; fileRef = A270F02422AE2C4B000C3D44 /* ChatMessageTimeViewCell.xib */; };
		A270F02A22AE2D82000C3D44 /* StringUtils.m in Sources */ = {isa = PBXBuildFile; fileRef = A270F02922AE2D82000C3D44 /* StringUtils.m */; };
		A270F02D22AE32A4000C3D44 /* NSDate+Utilities.m in Sources */ = {isa = PBXBuildFile; fileRef = A270F02C22AE32A3000C3D44 /* NSDate+Utilities.m */; };
		A270F03022AE4AED000C3D44 /* ChatToolBarView.m in Sources */ = {isa = PBXBuildFile; fileRef = A270F02F22AE4AED000C3D44 /* ChatToolBarView.m */; };
		A270F03C22AE5520000C3D44 /* XHVoiceCommonHelper.m in Sources */ = {isa = PBXBuildFile; fileRef = A270F03922AE551F000C3D44 /* XHVoiceCommonHelper.m */; };
		A270F03D22AE5520000C3D44 /* XHVoiceRecordHelper.m in Sources */ = {isa = PBXBuildFile; fileRef = A270F03A22AE551F000C3D44 /* XHVoiceRecordHelper.m */; };
		A270F03E22AE5520000C3D44 /* XHVoiceRecordHUD.m in Sources */ = {isa = PBXBuildFile; fileRef = A270F03B22AE551F000C3D44 /* XHVoiceRecordHUD.m */; };
		A270F04922AE5595000C3D44 /* RecordingSignal005@2x.png in Resources */ = {isa = PBXBuildFile; fileRef = A270F04022AE5594000C3D44 /* RecordingSignal005@2x.png */; };
		A270F04A22AE5595000C3D44 /* RecordingSignal000@2x.png in Resources */ = {isa = PBXBuildFile; fileRef = A270F04122AE5594000C3D44 /* RecordingSignal000@2x.png */; };
		A270F04B22AE5595000C3D44 /* RecordingSignal001@2x.png in Resources */ = {isa = PBXBuildFile; fileRef = A270F04222AE5594000C3D44 /* RecordingSignal001@2x.png */; };
		A270F04C22AE5595000C3D44 /* RecordingSignal004@2x.png in Resources */ = {isa = PBXBuildFile; fileRef = A270F04322AE5595000C3D44 /* RecordingSignal004@2x.png */; };
		A270F04D22AE5595000C3D44 /* RecordingSignal002@2x.png in Resources */ = {isa = PBXBuildFile; fileRef = A270F04422AE5595000C3D44 /* RecordingSignal002@2x.png */; };
		A270F04E22AE5595000C3D44 /* RecordingSignal003@2x.png in Resources */ = {isa = PBXBuildFile; fileRef = A270F04522AE5595000C3D44 /* RecordingSignal003@2x.png */; };
		A270F04F22AE5595000C3D44 /* RecordingSignal006@2x.png in Resources */ = {isa = PBXBuildFile; fileRef = A270F04622AE5595000C3D44 /* RecordingSignal006@2x.png */; };
		A270F05022AE5595000C3D44 /* RecordingSignal007@2x.png in Resources */ = {isa = PBXBuildFile; fileRef = A270F04722AE5595000C3D44 /* RecordingSignal007@2x.png */; };
		A270F05122AE5595000C3D44 /* RecordingSignal008@2x.png in Resources */ = {isa = PBXBuildFile; fileRef = A270F04822AE5595000C3D44 /* RecordingSignal008@2x.png */; };
		A270F05322AE55AB000C3D44 /* RecordCancel@2x.png in Resources */ = {isa = PBXBuildFile; fileRef = A270F05222AE55AB000C3D44 /* RecordCancel@2x.png */; };
		A270F05622AE55FA000C3D44 /* RecordingBkg@3x.png in Resources */ = {isa = PBXBuildFile; fileRef = A270F05422AE55F9000C3D44 /* RecordingBkg@3x.png */; };
		A270F05722AE55FA000C3D44 /* RecordingBkg@2x.png in Resources */ = {isa = PBXBuildFile; fileRef = A270F05522AE55F9000C3D44 /* RecordingBkg@2x.png */; };
		A270F05922AE6DD3000C3D44 /* ReceiverVoiceNodePlaying@2x.png in Resources */ = {isa = PBXBuildFile; fileRef = A270F05822AE6DD3000C3D44 /* ReceiverVoiceNodePlaying@2x.png */; };
		A270F05B22AE6DED000C3D44 /* SenderVoiceNodePlaying@2x.png in Resources */ = {isa = PBXBuildFile; fileRef = A270F05A22AE6DED000C3D44 /* SenderVoiceNodePlaying@2x.png */; };
		A270F05E22AE7849000C3D44 /* ChatMoreToolView.m in Sources */ = {isa = PBXBuildFile; fileRef = A270F05D22AE7849000C3D44 /* ChatMoreToolView.m */; };
		A2D5CF2522A8B379007BE8D0 /* AppDelegate.m in Sources */ = {isa = PBXBuildFile; fileRef = A2D5CF2422A8B379007BE8D0 /* AppDelegate.m */; };
		A2D5CF2822A8B379007BE8D0 /* ViewController.m in Sources */ = {isa = PBXBuildFile; fileRef = A2D5CF2722A8B379007BE8D0 /* ViewController.m */; };
		A2D5CF2B22A8B379007BE8D0 /* Main.storyboard in Resources */ = {isa = PBXBuildFile; fileRef = A2D5CF2922A8B379007BE8D0 /* Main.storyboard */; };
		A2D5CF2D22A8B37A007BE8D0 /* Assets.xcassets in Resources */ = {isa = PBXBuildFile; fileRef = A2D5CF2C22A8B37A007BE8D0 /* Assets.xcassets */; };
		A2D5CF3022A8B37A007BE8D0 /* LaunchScreen.storyboard in Resources */ = {isa = PBXBuildFile; fileRef = A2D5CF2E22A8B37A007BE8D0 /* LaunchScreen.storyboard */; };
		A2D5CF3322A8B37A007BE8D0 /* main.m in Sources */ = {isa = PBXBuildFile; fileRef = A2D5CF3222A8B37A007BE8D0 /* main.m */; };
		A2D5CF3D22A8B3D8007BE8D0 /* ChatViewController.m in Sources */ = {isa = PBXBuildFile; fileRef = A2D5CF3B22A8B3D8007BE8D0 /* ChatViewController.m */; };
		A2D5CF3E22A8B3D8007BE8D0 /* ChatViewController.xib in Resources */ = {isa = PBXBuildFile; fileRef = A2D5CF3C22A8B3D8007BE8D0 /* ChatViewController.xib */; };
		A2D5CF4222A8C44B007BE8D0 /* NSString+ct.m in Sources */ = {isa = PBXBuildFile; fileRef = A2D5CF4122A8C44B007BE8D0 /* NSString+ct.m */; };
		A2D5CF4522A8CCF6007BE8D0 /* UITableView+ct.m in Sources */ = {isa = PBXBuildFile; fileRef = A2D5CF4422A8CCF6007BE8D0 /* UITableView+ct.m */; };
		A2D5CF4922A8D661007BE8D0 /* Message.m in Sources */ = {isa = PBXBuildFile; fileRef = A2D5CF4822A8D661007BE8D0 /* Message.m */; };
		A2D5CF6922A8E597007BE8D0 /* ChatMessageViewCell.m in Sources */ = {isa = PBXBuildFile; fileRef = A2D5CF6722A8E597007BE8D0 /* ChatMessageViewCell.m */; };
/* End PBXBuildFile section */

/* Begin PBXFileReference section */
		A270F01222AE09A2000C3D44 /* ChatMessageContentView.h */ = {isa = PBXFileReference; lastKnownFileType = sourcecode.c.h; path = ChatMessageContentView.h; sourceTree = "<group>"; };
		A270F01322AE09A2000C3D44 /* ChatMessageContentView.m */ = {isa = PBXFileReference; lastKnownFileType = sourcecode.c.objc; path = ChatMessageContentView.m; sourceTree = "<group>"; };
		A270F01822AE0DDC000C3D44 /* sendChat@2x.png */ = {isa = PBXFileReference; lastKnownFileType = image.png; path = "sendChat@2x.png"; sourceTree = "<group>"; };
		A270F01922AE0DDC000C3D44 /* receiveChat@2x.png */ = {isa = PBXFileReference; lastKnownFileType = image.png; path = "receiveChat@2x.png"; sourceTree = "<group>"; };
		A270F02222AE2C4B000C3D44 /* ChatMessageTimeViewCell.h */ = {isa = PBXFileReference; lastKnownFileType = sourcecode.c.h; path = ChatMessageTimeViewCell.h; sourceTree = "<group>"; };
		A270F02322AE2C4B000C3D44 /* ChatMessageTimeViewCell.m */ = {isa = PBXFileReference; lastKnownFileType = sourcecode.c.objc; path = ChatMessageTimeViewCell.m; sourceTree = "<group>"; };
		A270F02422AE2C4B000C3D44 /* ChatMessageTimeViewCell.xib */ = {isa = PBXFileReference; lastKnownFileType = file.xib; path = ChatMessageTimeViewCell.xib; sourceTree = "<group>"; };
		A270F02822AE2D82000C3D44 /* StringUtils.h */ = {isa = PBXFileReference; lastKnownFileType = sourcecode.c.h; path = StringUtils.h; sourceTree = "<group>"; };
		A270F02922AE2D82000C3D44 /* StringUtils.m */ = {isa = PBXFileReference; lastKnownFileType = sourcecode.c.objc; path = StringUtils.m; sourceTree = "<group>"; };
		A270F02B22AE32A3000C3D44 /* NSDate+Utilities.h */ = {isa = PBXFileReference; fileEncoding = 4; lastKnownFileType = sourcecode.c.h; path = "NSDate+Utilities.h"; sourceTree = "<group>"; };
		A270F02C22AE32A3000C3D44 /* NSDate+Utilities.m */ = {isa = PBXFileReference; fileEncoding = 4; lastKnownFileType = sourcecode.c.objc; path = "NSDate+Utilities.m"; sourceTree = "<group>"; };
		A270F02E22AE4AED000C3D44 /* ChatToolBarView.h */ = {isa = PBXFileReference; lastKnownFileType = sourcecode.c.h; path = ChatToolBarView.h; sourceTree = "<group>"; };
		A270F02F22AE4AED000C3D44 /* ChatToolBarView.m */ = {isa = PBXFileReference; lastKnownFileType = sourcecode.c.objc; path = ChatToolBarView.m; sourceTree = "<group>"; };
		A270F03222AE551F000C3D44 /* XHVoiceCommonHelper.h */ = {isa = PBXFileReference; fileEncoding = 4; lastKnownFileType = sourcecode.c.h; path = XHVoiceCommonHelper.h; sourceTree = "<group>"; };
		A270F03322AE551F000C3D44 /* XHVoiceRecordHelper.h */ = {isa = PBXFileReference; fileEncoding = 4; lastKnownFileType = sourcecode.c.h; path = XHVoiceRecordHelper.h; sourceTree = "<group>"; };
		A270F03422AE551F000C3D44 /* XHVoiceRecordHUD.h */ = {isa = PBXFileReference; fileEncoding = 4; lastKnownFileType = sourcecode.c.h; path = XHVoiceRecordHUD.h; sourceTree = "<group>"; };
		A270F03622AE551F000C3D44 /* XHMacro.h */ = {isa = PBXFileReference; fileEncoding = 4; lastKnownFileType = sourcecode.c.h; path = XHMacro.h; sourceTree = "<group>"; };
		A270F03722AE551F000C3D44 /* XHFoundationMacro.h */ = {isa = PBXFileReference; fileEncoding = 4; lastKnownFileType = sourcecode.c.h; path = XHFoundationMacro.h; sourceTree = "<group>"; };
		A270F03822AE551F000C3D44 /* XHUIKitMacro.h */ = {isa = PBXFileReference; fileEncoding = 4; lastKnownFileType = sourcecode.c.h; path = XHUIKitMacro.h; sourceTree = "<group>"; };
		A270F03922AE551F000C3D44 /* XHVoiceCommonHelper.m */ = {isa = PBXFileReference; fileEncoding = 4; lastKnownFileType = sourcecode.c.objc; path = XHVoiceCommonHelper.m; sourceTree = "<group>"; };
		A270F03A22AE551F000C3D44 /* XHVoiceRecordHelper.m */ = {isa = PBXFileReference; fileEncoding = 4; lastKnownFileType = sourcecode.c.objc; path = XHVoiceRecordHelper.m; sourceTree = "<group>"; };
		A270F03B22AE551F000C3D44 /* XHVoiceRecordHUD.m */ = {isa = PBXFileReference; fileEncoding = 4; lastKnownFileType = sourcecode.c.objc; path = XHVoiceRecordHUD.m; sourceTree = "<group>"; };
		A270F04022AE5594000C3D44 /* RecordingSignal005@2x.png */ = {isa = PBXFileReference; lastKnownFileType = image.png; path = "RecordingSignal005@2x.png"; sourceTree = "<group>"; };
		A270F04122AE5594000C3D44 /* RecordingSignal000@2x.png */ = {isa = PBXFileReference; lastKnownFileType = image.png; path = "RecordingSignal000@2x.png"; sourceTree = "<group>"; };
		A270F04222AE5594000C3D44 /* RecordingSignal001@2x.png */ = {isa = PBXFileReference; lastKnownFileType = image.png; path = "RecordingSignal001@2x.png"; sourceTree = "<group>"; };
		A270F04322AE5595000C3D44 /* RecordingSignal004@2x.png */ = {isa = PBXFileReference; lastKnownFileType = image.png; path = "RecordingSignal004@2x.png"; sourceTree = "<group>"; };
		A270F04422AE5595000C3D44 /* RecordingSignal002@2x.png */ = {isa = PBXFileReference; lastKnownFileType = image.png; path = "RecordingSignal002@2x.png"; sourceTree = "<group>"; };
		A270F04522AE5595000C3D44 /* RecordingSignal003@2x.png */ = {isa = PBXFileReference; lastKnownFileType = image.png; path = "RecordingSignal003@2x.png"; sourceTree = "<group>"; };
		A270F04622AE5595000C3D44 /* RecordingSignal006@2x.png */ = {isa = PBXFileReference; lastKnownFileType = image.png; path = "RecordingSignal006@2x.png"; sourceTree = "<group>"; };
		A270F04722AE5595000C3D44 /* RecordingSignal007@2x.png */ = {isa = PBXFileReference; lastKnownFileType = image.png; path = "RecordingSignal007@2x.png"; sourceTree = "<group>"; };
		A270F04822AE5595000C3D44 /* RecordingSignal008@2x.png */ = {isa = PBXFileReference; lastKnownFileType = image.png; path = "RecordingSignal008@2x.png"; sourceTree = "<group>"; };
		A270F05222AE55AB000C3D44 /* RecordCancel@2x.png */ = {isa = PBXFileReference; lastKnownFileType = image.png; path = "RecordCancel@2x.png"; sourceTree = "<group>"; };
		A270F05422AE55F9000C3D44 /* RecordingBkg@3x.png */ = {isa = PBXFileReference; lastKnownFileType = image.png; path = "RecordingBkg@3x.png"; sourceTree = "<group>"; };
		A270F05522AE55F9000C3D44 /* RecordingBkg@2x.png */ = {isa = PBXFileReference; lastKnownFileType = image.png; path = "RecordingBkg@2x.png"; sourceTree = "<group>"; };
		A270F05822AE6DD3000C3D44 /* ReceiverVoiceNodePlaying@2x.png */ = {isa = PBXFileReference; lastKnownFileType = image.png; path = "ReceiverVoiceNodePlaying@2x.png"; sourceTree = "<group>"; };
		A270F05A22AE6DED000C3D44 /* SenderVoiceNodePlaying@2x.png */ = {isa = PBXFileReference; lastKnownFileType = image.png; path = "SenderVoiceNodePlaying@2x.png"; sourceTree = "<group>"; };
		A270F05C22AE7849000C3D44 /* ChatMoreToolView.h */ = {isa = PBXFileReference; lastKnownFileType = sourcecode.c.h; path = ChatMoreToolView.h; sourceTree = "<group>"; };
		A270F05D22AE7849000C3D44 /* ChatMoreToolView.m */ = {isa = PBXFileReference; lastKnownFileType = sourcecode.c.objc; path = ChatMoreToolView.m; sourceTree = "<group>"; };
		A2D5CF2022A8B379007BE8D0 /* IM.app */ = {isa = PBXFileReference; explicitFileType = wrapper.application; includeInIndex = 0; path = IM.app; sourceTree = BUILT_PRODUCTS_DIR; };
		A2D5CF2322A8B379007BE8D0 /* AppDelegate.h */ = {isa = PBXFileReference; lastKnownFileType = sourcecode.c.h; path = AppDelegate.h; sourceTree = "<group>"; };
		A2D5CF2422A8B379007BE8D0 /* AppDelegate.m */ = {isa = PBXFileReference; lastKnownFileType = sourcecode.c.objc; path = AppDelegate.m; sourceTree = "<group>"; };
		A2D5CF2622A8B379007BE8D0 /* ViewController.h */ = {isa = PBXFileReference; lastKnownFileType = sourcecode.c.h; path = ViewController.h; sourceTree = "<group>"; };
		A2D5CF2722A8B379007BE8D0 /* ViewController.m */ = {isa = PBXFileReference; lastKnownFileType = sourcecode.c.objc; path = ViewController.m; sourceTree = "<group>"; };
		A2D5CF2A22A8B379007BE8D0 /* Base */ = {isa = PBXFileReference; lastKnownFileType = file.storyboard; name = Base; path = Base.lproj/Main.storyboard; sourceTree = "<group>"; };
		A2D5CF2C22A8B37A007BE8D0 /* Assets.xcassets */ = {isa = PBXFileReference; lastKnownFileType = folder.assetcatalog; path = Assets.xcassets; sourceTree = "<group>"; };
		A2D5CF2F22A8B37A007BE8D0 /* Base */ = {isa = PBXFileReference; lastKnownFileType = file.storyboard; name = Base; path = Base.lproj/LaunchScreen.storyboard; sourceTree = "<group>"; };
		A2D5CF3122A8B37A007BE8D0 /* Info.plist */ = {isa = PBXFileReference; lastKnownFileType = text.plist.xml; path = Info.plist; sourceTree = "<group>"; };
		A2D5CF3222A8B37A007BE8D0 /* main.m */ = {isa = PBXFileReference; lastKnownFileType = sourcecode.c.objc; path = main.m; sourceTree = "<group>"; };
		A2D5CF3A22A8B3D8007BE8D0 /* ChatViewController.h */ = {isa = PBXFileReference; lastKnownFileType = sourcecode.c.h; path = ChatViewController.h; sourceTree = "<group>"; };
		A2D5CF3B22A8B3D8007BE8D0 /* ChatViewController.m */ = {isa = PBXFileReference; lastKnownFileType = sourcecode.c.objc; path = ChatViewController.m; sourceTree = "<group>"; };
		A2D5CF3C22A8B3D8007BE8D0 /* ChatViewController.xib */ = {isa = PBXFileReference; lastKnownFileType = file.xib; path = ChatViewController.xib; sourceTree = "<group>"; };
		A2D5CF4022A8C44B007BE8D0 /* NSString+ct.h */ = {isa = PBXFileReference; lastKnownFileType = sourcecode.c.h; path = "NSString+ct.h"; sourceTree = "<group>"; };
		A2D5CF4122A8C44B007BE8D0 /* NSString+ct.m */ = {isa = PBXFileReference; lastKnownFileType = sourcecode.c.objc; path = "NSString+ct.m"; sourceTree = "<group>"; };
		A2D5CF4322A8CCF6007BE8D0 /* UITableView+ct.h */ = {isa = PBXFileReference; lastKnownFileType = sourcecode.c.h; path = "UITableView+ct.h"; sourceTree = "<group>"; };
		A2D5CF4422A8CCF6007BE8D0 /* UITableView+ct.m */ = {isa = PBXFileReference; lastKnownFileType = sourcecode.c.objc; path = "UITableView+ct.m"; sourceTree = "<group>"; };
		A2D5CF4722A8D661007BE8D0 /* Message.h */ = {isa = PBXFileReference; lastKnownFileType = sourcecode.c.h; path = Message.h; sourceTree = "<group>"; };
		A2D5CF4822A8D661007BE8D0 /* Message.m */ = {isa = PBXFileReference; lastKnownFileType = sourcecode.c.objc; path = Message.m; sourceTree = "<group>"; };
		A2D5CF6622A8E597007BE8D0 /* ChatMessageViewCell.h */ = {isa = PBXFileReference; lastKnownFileType = sourcecode.c.h; path = ChatMessageViewCell.h; sourceTree = "<group>"; };
		A2D5CF6722A8E597007BE8D0 /* ChatMessageViewCell.m */ = {isa = PBXFileReference; lastKnownFileType = sourcecode.c.objc; path = ChatMessageViewCell.m; sourceTree = "<group>"; };
		A2D5CF6B22A93D4C007BE8D0 /* IMConstant.h */ = {isa = PBXFileReference; lastKnownFileType = sourcecode.c.h; path = IMConstant.h; sourceTree = "<group>"; };
/* End PBXFileReference section */

/* Begin PBXFrameworksBuildPhase section */
		A2D5CF1D22A8B379007BE8D0 /* Frameworks */ = {
			isa = PBXFrameworksBuildPhase;
			buildActionMask = 2147483647;
			files = (
			);
			runOnlyForDeploymentPostprocessing = 0;
		};
/* End PBXFrameworksBuildPhase section */

/* Begin PBXGroup section */
		A270F01122AE06C0000C3D44 /* IMResources */ = {
			isa = PBXGroup;
			children = (
				A270F05A22AE6DED000C3D44 /* SenderVoiceNodePlaying@2x.png */,
				A270F05822AE6DD3000C3D44 /* ReceiverVoiceNodePlaying@2x.png */,
				A270F01922AE0DDC000C3D44 /* receiveChat@2x.png */,
				A270F01822AE0DDC000C3D44 /* sendChat@2x.png */,
			);
			path = IMResources;
			sourceTree = "<group>";
		};
		A270F02722AE2D0C000C3D44 /* IMUtils */ = {
			isa = PBXGroup;
			children = (
				A270F02822AE2D82000C3D44 /* StringUtils.h */,
				A270F02922AE2D82000C3D44 /* StringUtils.m */,
			);
			path = IMUtils;
			sourceTree = "<group>";
		};
		A270F03122AE551F000C3D44 /* RecordView */ = {
			isa = PBXGroup;
			children = (
				A270F03F22AE5574000C3D44 /* Resources */,
				A270F03222AE551F000C3D44 /* XHVoiceCommonHelper.h */,
				A270F03322AE551F000C3D44 /* XHVoiceRecordHelper.h */,
				A270F03422AE551F000C3D44 /* XHVoiceRecordHUD.h */,
				A270F03522AE551F000C3D44 /* Macro */,
				A270F03922AE551F000C3D44 /* XHVoiceCommonHelper.m */,
				A270F03A22AE551F000C3D44 /* XHVoiceRecordHelper.m */,
				A270F03B22AE551F000C3D44 /* XHVoiceRecordHUD.m */,
			);
			path = RecordView;
			sourceTree = "<group>";
		};
		A270F03522AE551F000C3D44 /* Macro */ = {
			isa = PBXGroup;
			children = (
				A270F03622AE551F000C3D44 /* XHMacro.h */,
				A270F03722AE551F000C3D44 /* XHFoundationMacro.h */,
				A270F03822AE551F000C3D44 /* XHUIKitMacro.h */,
			);
			path = Macro;
			sourceTree = "<group>";
		};
		A270F03F22AE5574000C3D44 /* Resources */ = {
			isa = PBXGroup;
			children = (
				A270F05522AE55F9000C3D44 /* RecordingBkg@2x.png */,
				A270F05422AE55F9000C3D44 /* RecordingBkg@3x.png */,
				A270F05222AE55AB000C3D44 /* RecordCancel@2x.png */,
				A270F04122AE5594000C3D44 /* RecordingSignal000@2x.png */,
				A270F04222AE5594000C3D44 /* RecordingSignal001@2x.png */,
				A270F04422AE5595000C3D44 /* RecordingSignal002@2x.png */,
				A270F04522AE5595000C3D44 /* RecordingSignal003@2x.png */,
				A270F04322AE5595000C3D44 /* RecordingSignal004@2x.png */,
				A270F04022AE5594000C3D44 /* RecordingSignal005@2x.png */,
				A270F04622AE5595000C3D44 /* RecordingSignal006@2x.png */,
				A270F04722AE5595000C3D44 /* RecordingSignal007@2x.png */,
				A270F04822AE5595000C3D44 /* RecordingSignal008@2x.png */,
			);
			path = Resources;
			sourceTree = "<group>";
		};
		A2D5CF1722A8B379007BE8D0 = {
			isa = PBXGroup;
			children = (
				A2D5CF2222A8B379007BE8D0 /* IM */,
				A2D5CF2122A8B379007BE8D0 /* Products */,
			);
			sourceTree = "<group>";
		};
		A2D5CF2122A8B379007BE8D0 /* Products */ = {
			isa = PBXGroup;
			children = (
				A2D5CF2022A8B379007BE8D0 /* IM.app */,
			);
			name = Products;
			sourceTree = "<group>";
		};
		A2D5CF2222A8B379007BE8D0 /* IM */ = {
			isa = PBXGroup;
			children = (
				A270F02722AE2D0C000C3D44 /* IMUtils */,
				A270F01122AE06C0000C3D44 /* IMResources */,
				A2D5CF3F22A8C412007BE8D0 /* IMCategory */,
				A2D5CF3922A8B38D007BE8D0 /* Chat */,
				A2D5CF2322A8B379007BE8D0 /* AppDelegate.h */,
				A2D5CF2422A8B379007BE8D0 /* AppDelegate.m */,
				A2D5CF2622A8B379007BE8D0 /* ViewController.h */,
				A2D5CF2722A8B379007BE8D0 /* ViewController.m */,
				A2D5CF2922A8B379007BE8D0 /* Main.storyboard */,
				A2D5CF2C22A8B37A007BE8D0 /* Assets.xcassets */,
				A2D5CF2E22A8B37A007BE8D0 /* LaunchScreen.storyboard */,
				A2D5CF3122A8B37A007BE8D0 /* Info.plist */,
				A2D5CF3222A8B37A007BE8D0 /* main.m */,
				A2D5CF6B22A93D4C007BE8D0 /* IMConstant.h */,
			);
			path = IM;
			sourceTree = "<group>";
		};
		A2D5CF3922A8B38D007BE8D0 /* Chat */ = {
			isa = PBXGroup;
			children = (
				A2D5CF4A22A8DC1B007BE8D0 /* View */,
				A2D5CF4622A8D650007BE8D0 /* Model */,
				A2D5CF3A22A8B3D8007BE8D0 /* ChatViewController.h */,
				A2D5CF3B22A8B3D8007BE8D0 /* ChatViewController.m */,
				A2D5CF3C22A8B3D8007BE8D0 /* ChatViewController.xib */,
			);
			path = Chat;
			sourceTree = "<group>";
		};
		A2D5CF3F22A8C412007BE8D0 /* IMCategory */ = {
			isa = PBXGroup;
			children = (
				A270F02B22AE32A3000C3D44 /* NSDate+Utilities.h */,
				A270F02C22AE32A3000C3D44 /* NSDate+Utilities.m */,
				A2D5CF4022A8C44B007BE8D0 /* NSString+ct.h */,
				A2D5CF4122A8C44B007BE8D0 /* NSString+ct.m */,
				A2D5CF4322A8CCF6007BE8D0 /* UITableView+ct.h */,
				A2D5CF4422A8CCF6007BE8D0 /* UITableView+ct.m */,
			);
			path = IMCategory;
			sourceTree = "<group>";
		};
		A2D5CF4622A8D650007BE8D0 /* Model */ = {
			isa = PBXGroup;
			children = (
				A2D5CF4722A8D661007BE8D0 /* Message.h */,
				A2D5CF4822A8D661007BE8D0 /* Message.m */,
			);
			path = Model;
			sourceTree = "<group>";
		};
		A2D5CF4A22A8DC1B007BE8D0 /* View */ = {
			isa = PBXGroup;
			children = (
				A270F03122AE551F000C3D44 /* RecordView */,
				A2D5CF6622A8E597007BE8D0 /* ChatMessageViewCell.h */,
				A2D5CF6722A8E597007BE8D0 /* ChatMessageViewCell.m */,
				A270F01222AE09A2000C3D44 /* ChatMessageContentView.h */,
				A270F01322AE09A2000C3D44 /* ChatMessageContentView.m */,
				A270F02222AE2C4B000C3D44 /* ChatMessageTimeViewCell.h */,
				A270F02322AE2C4B000C3D44 /* ChatMessageTimeViewCell.m */,
				A270F02422AE2C4B000C3D44 /* ChatMessageTimeViewCell.xib */,
				A270F02E22AE4AED000C3D44 /* ChatToolBarView.h */,
				A270F02F22AE4AED000C3D44 /* ChatToolBarView.m */,
				A270F05C22AE7849000C3D44 /* ChatMoreToolView.h */,
				A270F05D22AE7849000C3D44 /* ChatMoreToolView.m */,
			);
			path = View;
			sourceTree = "<group>";
		};
/* End PBXGroup section */

/* Begin PBXNativeTarget section */
		A2D5CF1F22A8B379007BE8D0 /* IM */ = {
			isa = PBXNativeTarget;
			buildConfigurationList = A2D5CF3622A8B37A007BE8D0 /* Build configuration list for PBXNativeTarget "IM" */;
			buildPhases = (
				A2D5CF1C22A8B379007BE8D0 /* Sources */,
				A2D5CF1D22A8B379007BE8D0 /* Frameworks */,
				A2D5CF1E22A8B379007BE8D0 /* Resources */,
			);
			buildRules = (
			);
			dependencies = (
			);
			name = IM;
			productName = IM;
			productReference = A2D5CF2022A8B379007BE8D0 /* IM.app */;
			productType = "com.apple.product-type.application";
		};
/* End PBXNativeTarget section */

/* Begin PBXProject section */
		A2D5CF1822A8B379007BE8D0 /* Project object */ = {
			isa = PBXProject;
			attributes = {
				LastUpgradeCheck = 1020;
				ORGANIZATIONNAME = chenhui.chen;
				TargetAttributes = {
					A2D5CF1F22A8B379007BE8D0 = {
						CreatedOnToolsVersion = 10.2.1;
					};
				};
			};
			buildConfigurationList = A2D5CF1B22A8B379007BE8D0 /* Build configuration list for PBXProject "IM" */;
			compatibilityVersion = "Xcode 9.3";
			developmentRegion = en;
			hasScannedForEncodings = 0;
			knownRegions = (
				en,
				Base,
			);
			mainGroup = A2D5CF1722A8B379007BE8D0;
			productRefGroup = A2D5CF2122A8B379007BE8D0 /* Products */;
			projectDirPath = "";
			projectRoot = "";
			targets = (
				A2D5CF1F22A8B379007BE8D0 /* IM */,
			);
		};
/* End PBXProject section */

/* Begin PBXResourcesBuildPhase section */
		A2D5CF1E22A8B379007BE8D0 /* Resources */ = {
			isa = PBXResourcesBuildPhase;
			buildActionMask = 2147483647;
			files = (
				A270F04B22AE5595000C3D44 /* RecordingSignal001@2x.png in Resources */,
				A270F01A22AE0DDD000C3D44 /* sendChat@2x.png in Resources */,
				A2D5CF3022A8B37A007BE8D0 /* LaunchScreen.storyboard in Resources */,
				A270F04D22AE5595000C3D44 /* RecordingSignal002@2x.png in Resources */,
				A270F04E22AE5595000C3D44 /* RecordingSignal003@2x.png in Resources */,
				A270F04A22AE5595000C3D44 /* RecordingSignal000@2x.png in Resources */,
				A270F04C22AE5595000C3D44 /* RecordingSignal004@2x.png in Resources */,
				A2D5CF2D22A8B37A007BE8D0 /* Assets.xcassets in Resources */,
				A2D5CF3E22A8B3D8007BE8D0 /* ChatViewController.xib in Resources */,
				A270F05322AE55AB000C3D44 /* RecordCancel@2x.png in Resources */,
				A270F05B22AE6DED000C3D44 /* SenderVoiceNodePlaying@2x.png in Resources */,
				A270F05122AE5595000C3D44 /* RecordingSignal008@2x.png in Resources */,
				A270F01B22AE0DDD000C3D44 /* receiveChat@2x.png in Resources */,
				A270F05022AE5595000C3D44 /* RecordingSignal007@2x.png in Resources */,
				A2D5CF2B22A8B379007BE8D0 /* Main.storyboard in Resources */,
				A270F04922AE5595000C3D44 /* RecordingSignal005@2x.png in Resources */,
				A270F02622AE2C4B000C3D44 /* ChatMessageTimeViewCell.xib in Resources */,
				A270F05722AE55FA000C3D44 /* RecordingBkg@2x.png in Resources */,
				A270F05922AE6DD3000C3D44 /* ReceiverVoiceNodePlaying@2x.png in Resources */,
				A270F05622AE55FA000C3D44 /* RecordingBkg@3x.png in Resources */,
				A270F04F22AE5595000C3D44 /* RecordingSignal006@2x.png in Resources */,
			);
			runOnlyForDeploymentPostprocessing = 0;
		};
/* End PBXResourcesBuildPhase section */

/* Begin PBXSourcesBuildPhase section */
		A2D5CF1C22A8B379007BE8D0 /* Sources */ = {
			isa = PBXSourcesBuildPhase;
			buildActionMask = 2147483647;
			files = (
				A270F03D22AE5520000C3D44 /* XHVoiceRecordHelper.m in Sources */,
				A2D5CF2822A8B379007BE8D0 /* ViewController.m in Sources */,
				A270F02A22AE2D82000C3D44 /* StringUtils.m in Sources */,
				A270F03E22AE5520000C3D44 /* XHVoiceRecordHUD.m in Sources */,
				A270F02522AE2C4B000C3D44 /* ChatMessageTimeViewCell.m in Sources */,
				A270F05E22AE7849000C3D44 /* ChatMoreToolView.m in Sources */,
				A270F03C22AE5520000C3D44 /* XHVoiceCommonHelper.m in Sources */,
				A2D5CF3322A8B37A007BE8D0 /* main.m in Sources */,
				A270F01422AE09A2000C3D44 /* ChatMessageContentView.m in Sources */,
				A2D5CF4522A8CCF6007BE8D0 /* UITableView+ct.m in Sources */,
				A2D5CF4922A8D661007BE8D0 /* Message.m in Sources */,
				A270F02D22AE32A4000C3D44 /* NSDate+Utilities.m in Sources */,
				A2D5CF3D22A8B3D8007BE8D0 /* ChatViewController.m in Sources */,
				A2D5CF4222A8C44B007BE8D0 /* NSString+ct.m in Sources */,
				A2D5CF6922A8E597007BE8D0 /* ChatMessageViewCell.m in Sources */,
				A270F03022AE4AED000C3D44 /* ChatToolBarView.m in Sources */,
				A2D5CF2522A8B379007BE8D0 /* AppDelegate.m in Sources */,
			);
			runOnlyForDeploymentPostprocessing = 0;
		};
/* End PBXSourcesBuildPhase section */

/* Begin PBXVariantGroup section */
		A2D5CF2922A8B379007BE8D0 /* Main.storyboard */ = {
			isa = PBXVariantGroup;
			children = (
				A2D5CF2A22A8B379007BE8D0 /* Base */,
			);
			name = Main.storyboard;
			sourceTree = "<group>";
		};
		A2D5CF2E22A8B37A007BE8D0 /* LaunchScreen.storyboard */ = {
			isa = PBXVariantGroup;
			children = (
				A2D5CF2F22A8B37A007BE8D0 /* Base */,
			);
			name = LaunchScreen.storyboard;
			sourceTree = "<group>";
		};
/* End PBXVariantGroup section */

/* Begin XCBuildConfiguration section */
		A2D5CF3422A8B37A007BE8D0 /* Debug */ = {
			isa = XCBuildConfiguration;
			buildSettings = {
				ALWAYS_SEARCH_USER_PATHS = NO;
				CLANG_ANALYZER_NONNULL = YES;
				CLANG_ANALYZER_NUMBER_OBJECT_CONVERSION = YES_AGGRESSIVE;
				CLANG_CXX_LANGUAGE_STANDARD = "gnu++14";
				CLANG_CXX_LIBRARY = "libc++";
				CLANG_ENABLE_MODULES = YES;
				CLANG_ENABLE_OBJC_ARC = YES;
				CLANG_ENABLE_OBJC_WEAK = YES;
				CLANG_WARN_BLOCK_CAPTURE_AUTORELEASING = YES;
				CLANG_WARN_BOOL_CONVERSION = YES;
				CLANG_WARN_COMMA = YES;
				CLANG_WARN_CONSTANT_CONVERSION = YES;
				CLANG_WARN_DEPRECATED_OBJC_IMPLEMENTATIONS = YES;
				CLANG_WARN_DIRECT_OBJC_ISA_USAGE = YES_ERROR;
				CLANG_WARN_DOCUMENTATION_COMMENTS = YES;
				CLANG_WARN_EMPTY_BODY = YES;
				CLANG_WARN_ENUM_CONVERSION = YES;
				CLANG_WARN_INFINITE_RECURSION = YES;
				CLANG_WARN_INT_CONVERSION = YES;
				CLANG_WARN_NON_LITERAL_NULL_CONVERSION = YES;
				CLANG_WARN_OBJC_IMPLICIT_RETAIN_SELF = YES;
				CLANG_WARN_OBJC_LITERAL_CONVERSION = YES;
				CLANG_WARN_OBJC_ROOT_CLASS = YES_ERROR;
				CLANG_WARN_RANGE_LOOP_ANALYSIS = YES;
				CLANG_WARN_STRICT_PROTOTYPES = YES;
				CLANG_WARN_SUSPICIOUS_MOVE = YES;
				CLANG_WARN_UNGUARDED_AVAILABILITY = YES_AGGRESSIVE;
				CLANG_WARN_UNREACHABLE_CODE = YES;
				CLANG_WARN__DUPLICATE_METHOD_MATCH = YES;
				CODE_SIGN_IDENTITY = "iPhone Developer";
				COPY_PHASE_STRIP = NO;
				DEBUG_INFORMATION_FORMAT = dwarf;
				ENABLE_STRICT_OBJC_MSGSEND = YES;
				ENABLE_TESTABILITY = YES;
				GCC_C_LANGUAGE_STANDARD = gnu11;
				GCC_DYNAMIC_NO_PIC = NO;
				GCC_NO_COMMON_BLOCKS = YES;
				GCC_OPTIMIZATION_LEVEL = 0;
				GCC_PREPROCESSOR_DEFINITIONS = (
					"DEBUG=1",
					"$(inherited)",
				);
				GCC_WARN_64_TO_32_BIT_CONVERSION = YES;
				GCC_WARN_ABOUT_RETURN_TYPE = YES_ERROR;
				GCC_WARN_UNDECLARED_SELECTOR = YES;
				GCC_WARN_UNINITIALIZED_AUTOS = YES_AGGRESSIVE;
				GCC_WARN_UNUSED_FUNCTION = YES;
				GCC_WARN_UNUSED_VARIABLE = YES;
				IPHONEOS_DEPLOYMENT_TARGET = 12.2;
				MTL_ENABLE_DEBUG_INFO = INCLUDE_SOURCE;
				MTL_FAST_MATH = YES;
				ONLY_ACTIVE_ARCH = YES;
				SDKROOT = iphoneos;
			};
			name = Debug;
		};
		A2D5CF3522A8B37A007BE8D0 /* Release */ = {
			isa = XCBuildConfiguration;
			buildSettings = {
				ALWAYS_SEARCH_USER_PATHS = NO;
				CLANG_ANALYZER_NONNULL = YES;
				CLANG_ANALYZER_NUMBER_OBJECT_CONVERSION = YES_AGGRESSIVE;
				CLANG_CXX_LANGUAGE_STANDARD = "gnu++14";
				CLANG_CXX_LIBRARY = "libc++";
				CLANG_ENABLE_MODULES = YES;
				CLANG_ENABLE_OBJC_ARC = YES;
				CLANG_ENABLE_OBJC_WEAK = YES;
				CLANG_WARN_BLOCK_CAPTURE_AUTORELEASING = YES;
				CLANG_WARN_BOOL_CONVERSION = YES;
				CLANG_WARN_COMMA = YES;
				CLANG_WARN_CONSTANT_CONVERSION = YES;
				CLANG_WARN_DEPRECATED_OBJC_IMPLEMENTATIONS = YES;
				CLANG_WARN_DIRECT_OBJC_ISA_USAGE = YES_ERROR;
				CLANG_WARN_DOCUMENTATION_COMMENTS = YES;
				CLANG_WARN_EMPTY_BODY = YES;
				CLANG_WARN_ENUM_CONVERSION = YES;
				CLANG_WARN_INFINITE_RECURSION = YES;
				CLANG_WARN_INT_CONVERSION = YES;
				CLANG_WARN_NON_LITERAL_NULL_CONVERSION = YES;
				CLANG_WARN_OBJC_IMPLICIT_RETAIN_SELF = YES;
				CLANG_WARN_OBJC_LITERAL_CONVERSION = YES;
				CLANG_WARN_OBJC_ROOT_CLASS = YES_ERROR;
				CLANG_WARN_RANGE_LOOP_ANALYSIS = YES;
				CLANG_WARN_STRICT_PROTOTYPES = YES;
				CLANG_WARN_SUSPICIOUS_MOVE = YES;
				CLANG_WARN_UNGUARDED_AVAILABILITY = YES_AGGRESSIVE;
				CLANG_WARN_UNREACHABLE_CODE = YES;
				CLANG_WARN__DUPLICATE_METHOD_MATCH = YES;
				CODE_SIGN_IDENTITY = "iPhone Developer";
				COPY_PHASE_STRIP = NO;
				DEBUG_INFORMATION_FORMAT = "dwarf-with-dsym";
				ENABLE_NS_ASSERTIONS = NO;
				ENABLE_STRICT_OBJC_MSGSEND = YES;
				GCC_C_LANGUAGE_STANDARD = gnu11;
				GCC_NO_COMMON_BLOCKS = YES;
				GCC_WARN_64_TO_32_BIT_CONVERSION = YES;
				GCC_WARN_ABOUT_RETURN_TYPE = YES_ERROR;
				GCC_WARN_UNDECLARED_SELECTOR = YES;
				GCC_WARN_UNINITIALIZED_AUTOS = YES_AGGRESSIVE;
				GCC_WARN_UNUSED_FUNCTION = YES;
				GCC_WARN_UNUSED_VARIABLE = YES;
				IPHONEOS_DEPLOYMENT_TARGET = 12.2;
				MTL_ENABLE_DEBUG_INFO = NO;
				MTL_FAST_MATH = YES;
				SDKROOT = iphoneos;
				VALIDATE_PRODUCT = YES;
			};
			name = Release;
		};
		A2D5CF3722A8B37A007BE8D0 /* Debug */ = {
			isa = XCBuildConfiguration;
			buildSettings = {
				ASSETCATALOG_COMPILER_APPICON_NAME = AppIcon;
				CODE_SIGN_STYLE = Automatic;
				INFOPLIST_FILE = IM/Info.plist;
				IPHONEOS_DEPLOYMENT_TARGET = 9.0;
				LD_RUNPATH_SEARCH_PATHS = (
					"$(inherited)",
					"@executable_path/Frameworks",
				);
				PRODUCT_BUNDLE_IDENTIFIER = yitu.IM;
				PRODUCT_NAME = "$(TARGET_NAME)";
				TARGETED_DEVICE_FAMILY = "1,2";
			};
			name = Debug;
		};
		A2D5CF3822A8B37A007BE8D0 /* Release */ = {
			isa = XCBuildConfiguration;
			buildSettings = {
				ASSETCATALOG_COMPILER_APPICON_NAME = AppIcon;
				CODE_SIGN_STYLE = Automatic;
				INFOPLIST_FILE = IM/Info.plist;
				IPHONEOS_DEPLOYMENT_TARGET = 9.0;
				LD_RUNPATH_SEARCH_PATHS = (
					"$(inherited)",
					"@executable_path/Frameworks",
				);
				PRODUCT_BUNDLE_IDENTIFIER = yitu.IM;
				PRODUCT_NAME = "$(TARGET_NAME)";
				TARGETED_DEVICE_FAMILY = "1,2";
			};
			name = Release;
		};
/* End XCBuildConfiguration section */

/* Begin XCConfigurationList section */
		A2D5CF1B22A8B379007BE8D0 /* Build configuration list for PBXProject "IM" */ = {
			isa = XCConfigurationList;
			buildConfigurations = (
				A2D5CF3422A8B37A007BE8D0 /* Debug */,
				A2D5CF3522A8B37A007BE8D0 /* Release */,
			);
			defaultConfigurationIsVisible = 0;
			defaultConfigurationName = Release;
		};
		A2D5CF3622A8B37A007BE8D0 /* Build configuration list for PBXNativeTarget "IM" */ = {
			isa = XCConfigurationList;
			buildConfigurations = (
				A2D5CF3722A8B37A007BE8D0 /* Debug */,
				A2D5CF3822A8B37A007BE8D0 /* Release */,
			);
			defaultConfigurationIsVisible = 0;
			defaultConfigurationName = Release;
		};
/* End XCConfigurationList section */
	};
	rootObject = A2D5CF1822A8B379007BE8D0 /* Project object */;
}
